// !$*UTF8*$!
{
	archiveVersion = 1;
	classes = {
	};
	objectVersion = 46;
	objects = {

/* Begin PBXBuildFile section */
		A30770C8193DB36100B5D9A2 /* AppDelegate.swift in Sources */ = {isa = PBXBuildFile; fileRef = A30770C7193DB36100B5D9A2 /* AppDelegate.swift */; };
		A30770CA193DB36100B5D9A2 /* ViewController.swift in Sources */ = {isa = PBXBuildFile; fileRef = A30770C9193DB36100B5D9A2 /* ViewController.swift */; };
		A30770CD193DB36100B5D9A2 /* Main.storyboard in Resources */ = {isa = PBXBuildFile; fileRef = A30770CB193DB36100B5D9A2 /* Main.storyboard */; };
		A30770CF193DB36100B5D9A2 /* Images.xcassets in Resources */ = {isa = PBXBuildFile; fileRef = A30770CE193DB36100B5D9A2 /* Images.xcassets */; };
		A30770DB193DB36100B5D9A2 /* TestSwiftTests.swift in Sources */ = {isa = PBXBuildFile; fileRef = A30770DA193DB36100B5D9A2 /* TestSwiftTests.swift */; };
/* End PBXBuildFile section */

/* Begin PBXContainerItemProxy section */
		A30770D5193DB36100B5D9A2 /* PBXContainerItemProxy */ = {
			isa = PBXContainerItemProxy;
			containerPortal = A30770BA193DB36100B5D9A2 /* Project object */;
			proxyType = 1;
			remoteGlobalIDString = A30770C1193DB36100B5D9A2;
			remoteInfo = TestSwift;
		};
/* End PBXContainerItemProxy section */

/* Begin PBXFileReference section */
		A30770C2193DB36100B5D9A2 /* TestSwift.app */ = {isa = PBXFileReference; explicitFileType = wrapper.application; includeInIndex = 0; path = TestSwift.app; sourceTree = BUILT_PRODUCTS_DIR; };
		A30770C6193DB36100B5D9A2 /* Info.plist */ = {isa = PBXFileReference; lastKnownFileType = text.plist.xml; path = Info.plist; sourceTree = "<group>"; };
		A30770C7193DB36100B5D9A2 /* AppDelegate.swift */ = {isa = PBXFileReference; lastKnownFileType = sourcecode.swift; path = AppDelegate.swift; sourceTree = "<group>"; };
		A30770C9193DB36100B5D9A2 /* ViewController.swift */ = {isa = PBXFileReference; lastKnownFileType = sourcecode.swift; path = ViewController.swift; sourceTree = "<group>"; };
		A30770CC193DB36100B5D9A2 /* Base */ = {isa = PBXFileReference; lastKnownFileType = file.storyboard; name = Base; path = Base.lproj/Main.storyboard; sourceTree = "<group>"; };
		A30770CE193DB36100B5D9A2 /* Images.xcassets */ = {isa = PBXFileReference; lastKnownFileType = folder.assetcatalog; path = Images.xcassets; sourceTree = "<group>"; };
		A30770D4193DB36100B5D9A2 /* TestSwiftTests.xctest */ = {isa = PBXFileReference; explicitFileType = wrapper.cfbundle; includeInIndex = 0; path = TestSwiftTests.xctest; sourceTree = BUILT_PRODUCTS_DIR; };
		A30770D9193DB36100B5D9A2 /* Info.plist */ = {isa = PBXFileReference; lastKnownFileType = text.plist.xml; path = Info.plist; sourceTree = "<group>"; };
		A30770DA193DB36100B5D9A2 /* TestSwiftTests.swift */ = {isa = PBXFileReference; lastKnownFileType = sourcecode.swift; path = TestSwiftTests.swift; sourceTree = "<group>"; };
/* End PBXFileReference section */

/* Begin PBXFrameworksBuildPhase section */
		A30770BF193DB36100B5D9A2 /* Frameworks */ = {
			isa = PBXFrameworksBuildPhase;
			buildActionMask = 2147483647;
			files = (
			);
			runOnlyForDeploymentPostprocessing = 0;
		};
		A30770D1193DB36100B5D9A2 /* Frameworks */ = {
			isa = PBXFrameworksBuildPhase;
			buildActionMask = 2147483647;
			files = (
			);
			runOnlyForDeploymentPostprocessing = 0;
		};
/* End PBXFrameworksBuildPhase section */

/* Begin PBXGroup section */
		A30770B9193DB36100B5D9A2 = {
			isa = PBXGroup;
			children = (
				A30770C4193DB36100B5D9A2 /* TestSwift */,
				A30770D7193DB36100B5D9A2 /* TestSwiftTests */,
				A30770C3193DB36100B5D9A2 /* Products */,
			);
			sourceTree = "<group>";
		};
		A30770C3193DB36100B5D9A2 /* Products */ = {
			isa = PBXGroup;
			children = (
				A30770C2193DB36100B5D9A2 /* TestSwift.app */,
				A30770D4193DB36100B5D9A2 /* TestSwiftTests.xctest */,
			);
			name = Products;
			sourceTree = "<group>";
		};
		A30770C4193DB36100B5D9A2 /* TestSwift */ = {
			isa = PBXGroup;
			children = (
				A30770C7193DB36100B5D9A2 /* AppDelegate.swift */,
				A30770C9193DB36100B5D9A2 /* ViewController.swift */,
				A30770CB193DB36100B5D9A2 /* Main.storyboard */,
				A30770CE193DB36100B5D9A2 /* Images.xcassets */,
				A30770C5193DB36100B5D9A2 /* Supporting Files */,
			);
			path = TestSwift;
			sourceTree = "<group>";
		};
		A30770C5193DB36100B5D9A2 /* Supporting Files */ = {
			isa = PBXGroup;
			children = (
				A30770C6193DB36100B5D9A2 /* Info.plist */,
			);
			name = "Supporting Files";
			sourceTree = "<group>";
		};
		A30770D7193DB36100B5D9A2 /* TestSwiftTests */ = {
			isa = PBXGroup;
			children = (
				A30770DA193DB36100B5D9A2 /* TestSwiftTests.swift */,
				A30770D8193DB36100B5D9A2 /* Supporting Files */,
			);
			path = TestSwiftTests;
			sourceTree = "<group>";
		};
		A30770D8193DB36100B5D9A2 /* Supporting Files */ = {
			isa = PBXGroup;
			children = (
				A30770D9193DB36100B5D9A2 /* Info.plist */,
			);
			name = "Supporting Files";
			sourceTree = "<group>";
		};
/* End PBXGroup section */

/* Begin PBXNativeTarget section */
		A30770C1193DB36100B5D9A2 /* TestSwift */ = {
			isa = PBXNativeTarget;
			buildConfigurationList = A30770DE193DB36100B5D9A2 /* Build configuration list for PBXNativeTarget "TestSwift" */;
			buildPhases = (
				A30770BE193DB36100B5D9A2 /* Sources */,
				A30770BF193DB36100B5D9A2 /* Frameworks */,
				A30770C0193DB36100B5D9A2 /* Resources */,
			);
			buildRules = (
			);
			dependencies = (
			);
			name = TestSwift;
			productName = TestSwift;
			productReference = A30770C2193DB36100B5D9A2 /* TestSwift.app */;
			productType = "com.apple.product-type.application";
		};
		A30770D3193DB36100B5D9A2 /* TestSwiftTests */ = {
			isa = PBXNativeTarget;
			buildConfigurationList = A30770E1193DB36100B5D9A2 /* Build configuration list for PBXNativeTarget "TestSwiftTests" */;
			buildPhases = (
				A30770D0193DB36100B5D9A2 /* Sources */,
				A30770D1193DB36100B5D9A2 /* Frameworks */,
				A30770D2193DB36100B5D9A2 /* Resources */,
			);
			buildRules = (
			);
			dependencies = (
				A30770D6193DB36100B5D9A2 /* PBXTargetDependency */,
			);
			name = TestSwiftTests;
			productName = TestSwiftTests;
			productReference = A30770D4193DB36100B5D9A2 /* TestSwiftTests.xctest */;
			productType = "com.apple.product-type.bundle.unit-test";
		};
/* End PBXNativeTarget section */

/* Begin PBXProject section */
		A30770BA193DB36100B5D9A2 /* Project object */ = {
			isa = PBXProject;
			attributes = {
				LastUpgradeCheck = 0600;
				ORGANIZATIONNAME = silvansky;
				TargetAttributes = {
					A30770C1193DB36100B5D9A2 = {
						CreatedOnToolsVersion = 6.0;
					};
					A30770D3193DB36100B5D9A2 = {
						CreatedOnToolsVersion = 6.0;
						TestTargetID = A30770C1193DB36100B5D9A2;
					};
				};
			};
			buildConfigurationList = A30770BD193DB36100B5D9A2 /* Build configuration list for PBXProject "TestSwift" */;
			compatibilityVersion = "Xcode 3.2";
			developmentRegion = English;
			hasScannedForEncodings = 0;
			knownRegions = (
				en,
				Base,
			);
			mainGroup = A30770B9193DB36100B5D9A2;
			productRefGroup = A30770C3193DB36100B5D9A2 /* Products */;
			projectDirPath = "";
			projectRoot = "";
			targets = (
				A30770C1193DB36100B5D9A2 /* TestSwift */,
				A30770D3193DB36100B5D9A2 /* TestSwiftTests */,
			);
		};
/* End PBXProject section */

/* Begin PBXResourcesBuildPhase section */
		A30770C0193DB36100B5D9A2 /* Resources */ = {
			isa = PBXResourcesBuildPhase;
			buildActionMask = 2147483647;
			files = (
				A30770CD193DB36100B5D9A2 /* Main.storyboard in Resources */,
				A30770CF193DB36100B5D9A2 /* Images.xcassets in Resources */,
			);
			runOnlyForDeploymentPostprocessing = 0;
		};
		A30770D2193DB36100B5D9A2 /* Resources */ = {
			isa = PBXResourcesBuildPhase;
			buildActionMask = 2147483647;
			files = (
			);
			runOnlyForDeploymentPostprocessing = 0;
		};
/* End PBXResourcesBuildPhase section */

/* Begin PBXSourcesBuildPhase section */
		A30770BE193DB36100B5D9A2 /* Sources */ = {
			isa = PBXSourcesBuildPhase;
			buildActionMask = 2147483647;
			files = (
				A30770CA193DB36100B5D9A2 /* ViewController.swift in Sources */,
				A30770C8193DB36100B5D9A2 /* AppDelegate.swift in Sources */,
			);
			runOnlyForDeploymentPostprocessing = 0;
		};
		A30770D0193DB36100B5D9A2 /* Sources */ = {
			isa = PBXSourcesBuildPhase;
			buildActionMask = 2147483647;
			files = (
				A30770DB193DB36100B5D9A2 /* TestSwiftTests.swift in Sources */,
			);
			runOnlyForDeploymentPostprocessing = 0;
		};
/* End PBXSourcesBuildPhase section */

/* Begin PBXTargetDependency section */
		A30770D6193DB36100B5D9A2 /* PBXTargetDependency */ = {
			isa = PBXTargetDependency;
			target = A30770C1193DB36100B5D9A2 /* TestSwift */;
			targetProxy = A30770D5193DB36100B5D9A2 /* PBXContainerItemProxy */;
		};
/* End PBXTargetDependency section */

/* Begin PBXVariantGroup section */
		A30770CB193DB36100B5D9A2 /* Main.storyboard */ = {
			isa = PBXVariantGroup;
			children = (
				A30770CC193DB36100B5D9A2 /* Base */,
			);
			name = Main.storyboard;
			sourceTree = "<group>";
		};
/* End PBXVariantGroup section */

/* Begin XCBuildConfiguration section */
		A30770DC193DB36100B5D9A2 /* Debug */ = {
			isa = XCBuildConfiguration;
			buildSettings = {
				ALWAYS_SEARCH_USER_PATHS = NO;
				CLANG_CXX_LANGUAGE_STANDARD = "gnu++0x";
				CLANG_CXX_LIBRARY = "libc++";
				CLANG_ENABLE_MODULES = YES;
				CLANG_ENABLE_OBJC_ARC = YES;
				CLANG_WARN_BOOL_CONVERSION = YES;
				CLANG_WARN_CONSTANT_CONVERSION = YES;
				CLANG_WARN_DIRECT_OBJC_ISA_USAGE = YES_ERROR;
				CLANG_WARN_EMPTY_BODY = YES;
				CLANG_WARN_ENUM_CONVERSION = YES;
				CLANG_WARN_INT_CONVERSION = YES;
				CLANG_WARN_OBJC_ROOT_CLASS = YES_ERROR;
				CLANG_WARN_UNREACHABLE_CODE = YES;
				CLANG_WARN__DUPLICATE_METHOD_MATCH = YES;
				"CODE_SIGN_IDENTITY[sdk=iphoneos*]" = "iPhone Developer";
				COPY_PHASE_STRIP = NO;
				ENABLE_STRICT_OBJC_MSGSEND = YES;
				GCC_C_LANGUAGE_STANDARD = gnu99;
				GCC_DYNAMIC_NO_PIC = NO;
				GCC_OPTIMIZATION_LEVEL = 0;
				GCC_PREPROCESSOR_DEFINITIONS = (
					"DEBUG=1",
					"$(inherited)",
				);
				GCC_SYMBOLS_PRIVATE_EXTERN = NO;
				GCC_WARN_64_TO_32_BIT_CONVERSION = YES;
				GCC_WARN_ABOUT_RETURN_TYPE = YES_ERROR;
				GCC_WARN_UNDECLARED_SELECTOR = YES;
				GCC_WARN_UNINITIALIZED_AUTOS = YES_AGGRESSIVE;
				GCC_WARN_UNUSED_FUNCTION = YES;
				GCC_WARN_UNUSED_VARIABLE = YES;
				IPHONEOS_DEPLOYMENT_TARGET = 8.0;
				METAL_ENABLE_DEBUG_INFO = YES;
				ONLY_ACTIVE_ARCH = YES;
				SDKROOT = iphoneos;
				SWIFT_OPTIMIZATION_LEVEL = "-Onone";
			};
			name = Debug;
		};
		A30770DD193DB36100B5D9A2 /* Release */ = {
			isa = XCBuildConfiguration;
			buildSettings = {
				ALWAYS_SEARCH_USER_PATHS = NO;
				CLANG_CXX_LANGUAGE_STANDARD = "gnu++0x";
				CLANG_CXX_LIBRARY = "libc++";
				CLANG_ENABLE_MODULES = YES;
				CLANG_ENABLE_OBJC_ARC = YES;
				CLANG_WARN_BOOL_CONVERSION = YES;
				CLANG_WARN_CONSTANT_CONVERSION = YES;
				CLANG_WARN_DIRECT_OBJC_ISA_USAGE = YES_ERROR;
				CLANG_WARN_EMPTY_BODY = YES;
				CLANG_WARN_ENUM_CONVERSION = YES;
				CLANG_WARN_INT_CONVERSION = YES;
				CLANG_WARN_OBJC_ROOT_CLASS = YES_ERROR;
				CLANG_WARN_UNREACHABLE_CODE = YES;
				CLANG_WARN__DUPLICATE_METHOD_MATCH = YES;
				"CODE_SIGN_IDENTITY[sdk=iphoneos*]" = "iPhone Developer";
				COPY_PHASE_STRIP = YES;
				ENABLE_NS_ASSERTIONS = NO;
				ENABLE_STRICT_OBJC_MSGSEND = YES;
				GCC_C_LANGUAGE_STANDARD = gnu99;
				GCC_WARN_64_TO_32_BIT_CONVERSION = YES;
				GCC_WARN_ABOUT_RETURN_TYPE = YES_ERROR;
				GCC_WARN_UNDECLARED_SELECTOR = YES;
				GCC_WARN_UNINITIALIZED_AUTOS = YES_AGGRESSIVE;
				GCC_WARN_UNUSED_FUNCTION = YES;
				GCC_WARN_UNUSED_VARIABLE = YES;
				IPHONEOS_DEPLOYMENT_TARGET = 8.0;
				METAL_ENABLE_DEBUG_INFO = NO;
				SDKROOT = iphoneos;
				VALIDATE_PRODUCT = YES;
			};
			name = Release;
		};
		A30770DF193DB36100B5D9A2 /* Debug */ = {
			isa = XCBuildConfiguration;
			buildSettings = {
				ASSETCATALOG_COMPILER_APPICON_NAME = AppIcon;
				ASSETCATALOG_COMPILER_LAUNCHIMAGE_NAME = LaunchImage;
				INFOPLIST_FILE = TestSwift/Info.plist;
				LD_RUNPATH_SEARCH_PATHS = "$(inherited) @executable_path/Frameworks";
				PRODUCT_NAME = "$(TARGET_NAME)";
			};
			name = Debug;
		};
		A30770E0193DB36100B5D9A2 /* Release */ = {
			isa = XCBuildConfiguration;
			buildSettings = {
				ASSETCATALOG_COMPILER_APPICON_NAME = AppIcon;
				ASSETCATALOG_COMPILER_LAUNCHIMAGE_NAME = LaunchImage;
				INFOPLIST_FILE = TestSwift/Info.plist;
				LD_RUNPATH_SEARCH_PATHS = "$(inherited) @executable_path/Frameworks";
				PRODUCT_NAME = "$(TARGET_NAME)";
			};
			name = Release;
		};
		A30770E2193DB36100B5D9A2 /* Debug */ = {
			isa = XCBuildConfiguration;
			buildSettings = {
				BUNDLE_LOADER = "$(BUILT_PRODUCTS_DIR)/TestSwift.app/TestSwift";
				FRAMEWORK_SEARCH_PATHS = (
					"$(SDKROOT)/Developer/Library/Frameworks",
					"$(inherited)",
				);
				GCC_PREPROCESSOR_DEFINITIONS = (
					"DEBUG=1",
					"$(inherited)",
				);
				INFOPLIST_FILE = TestSwiftTests/Info.plist;
				LD_RUNPATH_SEARCH_PATHS = "$(inherited) @executable_path/Frameworks @loader_path/Frameworks";
				METAL_ENABLE_DEBUG_INFO = YES;
				PRODUCT_NAME = "$(TARGET_NAME)";
				TEST_HOST = "$(BUNDLE_LOADER)";
			};
			name = Debug;
		};
		A30770E3193DB36100B5D9A2 /* Release */ = {
			isa = XCBuildConfiguration;
			buildSettings = {
				BUNDLE_LOADER = "$(BUILT_PRODUCTS_DIR)/TestSwift.app/TestSwift";
				FRAMEWORK_SEARCH_PATHS = (
					"$(SDKROOT)/Developer/Library/Frameworks",
					"$(inherited)",
				);
				INFOPLIST_FILE = TestSwiftTests/Info.plist;
				LD_RUNPATH_SEARCH_PATHS = "$(inherited) @executable_path/Frameworks @loader_path/Frameworks";
				METAL_ENABLE_DEBUG_INFO = NO;
				PRODUCT_NAME = "$(TARGET_NAME)";
				TEST_HOST = "$(BUNDLE_LOADER)";
			};
			name = Release;
		};
/* End XCBuildConfiguration section */

/* Begin XCConfigurationList section */
		A30770BD193DB36100B5D9A2 /* Build configuration list for PBXProject "TestSwift" */ = {
			isa = XCConfigurationList;
			buildConfigurations = (
				A30770DC193DB36100B5D9A2 /* Debug */,
				A30770DD193DB36100B5D9A2 /* Release */,
			);
			defaultConfigurationIsVisible = 0;
			defaultConfigurationName = Release;
		};
		A30770DE193DB36100B5D9A2 /* Build configuration list for PBXNativeTarget "TestSwift" */ = {
			isa = XCConfigurationList;
			buildConfigurations = (
				A30770DF193DB36100B5D9A2 /* Debug */,
				A30770E0193DB36100B5D9A2 /* Release */,
			);
			defaultConfigurationIsVisible = 0;
		};
		A30770E1193DB36100B5D9A2 /* Build configuration list for PBXNativeTarget "TestSwiftTests" */ = {
			isa = XCConfigurationList;
			buildConfigurations = (
				A30770E2193DB36100B5D9A2 /* Debug */,
				A30770E3193DB36100B5D9A2 /* Release */,
			);
			defaultConfigurationIsVisible = 0;
		};
/* End XCConfigurationList section */
	};
	rootObject = A30770BA193DB36100B5D9A2 /* Project object */;
}
